
Microsoft Visual Studio Solution File, Format Version 12.00
# Visual Studio Version 17
VisualStudioVersion = 17.5.002.0
MinimumVisualStudioVersion = 10.0.40219.1
Project("{9A19103F-16F7-4668-BE54-9A1E7A4F7556}") = "linmengDBApp", "linmengDBApp\linmengDBApp.csproj", "{FB55EDAA-692A-48FA-930B-537A80ED9362}"
EndProject
Global
	GlobalSection(SolutionConfigurationPlatforms) = preSolution
		Debug|Any CPU = Debug|Any CPU
		Release|Any CPU = Release|Any CPU
	EndGlobalSection
	GlobalSection(ProjectConfigurationPlatforms) = postSolution
		{FB55EDAA-692A-48FA-930B-537A80ED9362}.Debug|Any CPU.ActiveCfg = Debug|Any CPU
		{FB55EDAA-692A-48FA-930B-537A80ED9362}.Debug|Any CPU.Build.0 = Debug|Any CPU
		{FB55EDAA-692A-48FA-930B-537A80ED9362}.Release|Any CPU.ActiveCfg = Release|Any CPU
		{FB55EDAA-692A-48FA-930B-537A80ED9362}.Release|Any CPU.Build.0 = Release|Any CPU
	EndGlobalSection
	GlobalSection(SolutionProperties) = preSolution
		HideSolutionNode = FALSE
	EndGlobalSection
	GlobalSection(ExtensibilityGlobals) = postSolution
		SolutionGuid = {F1A56BF5-D133-4CB1-8322-A2220FD9AD44}
	EndGlobalSection
EndGlobal
